// !$*UTF8*$!
{
	archiveVersion = 1;
	classes = {
	};
	objectVersion = 46;
	objects = {

/* Begin PBXBuildFile section */
		FABAAD7A1AA9F11000E17B95 /* main.m in Sources */ = {isa = PBXBuildFile; fileRef = FABAAD791AA9F11000E17B95 /* main.m */; };
		FABAAD7D1AA9F11000E17B95 /* AppDelegate.m in Sources */ = {isa = PBXBuildFile; fileRef = FABAAD7C1AA9F11000E17B95 /* AppDelegate.m */; };
		FABAAD831AA9F11000E17B95 /* Main.storyboard in Resources */ = {isa = PBXBuildFile; fileRef = FABAAD811AA9F11000E17B95 /* Main.storyboard */; };
		FABAAD851AA9F11000E17B95 /* Images.xcassets in Resources */ = {isa = PBXBuildFile; fileRef = FABAAD841AA9F11000E17B95 /* Images.xcassets */; };
		FABAAD881AA9F11000E17B95 /* LaunchScreen.xib in Resources */ = {isa = PBXBuildFile; fileRef = FABAAD861AA9F11000E17B95 /* LaunchScreen.xib */; };
		FABAAD941AA9F11000E17B95 /* MyTwitterTestTests.m in Sources */ = {isa = PBXBuildFile; fileRef = FABAAD931AA9F11000E17B95 /* MyTwitterTestTests.m */; };
		FABAADA11AA9F22100E17B95 /* Twitter.framework in Frameworks */ = {isa = PBXBuildFile; fileRef = FABAADA01AA9F22100E17B95 /* Twitter.framework */; };
		FABAADA31AA9F22900E17B95 /* Accounts.framework in Frameworks */ = {isa = PBXBuildFile; fileRef = FABAADA21AA9F22900E17B95 /* Accounts.framework */; };
		FABAADA51AA9F22F00E17B95 /* Social.framework in Frameworks */ = {isa = PBXBuildFile; fileRef = FABAADA41AA9F22F00E17B95 /* Social.framework */; };
		FABAADD21AA9F25500E17B95 /* ChameleonStatusBar.m in Sources */ = {isa = PBXBuildFile; fileRef = FABAADAC1AA9F25500E17B95 /* ChameleonStatusBar.m */; };
		FABAADD31AA9F25500E17B95 /* NSArray+Chameleon.m in Sources */ = {isa = PBXBuildFile; fileRef = FABAADAE1AA9F25500E17B95 /* NSArray+Chameleon.m */; };
		FABAADD41AA9F25500E17B95 /* UIColor+Chameleon.m in Sources */ = {isa = PBXBuildFile; fileRef = FABAADB01AA9F25500E17B95 /* UIColor+Chameleon.m */; };
		FABAADD51AA9F25500E17B95 /* UIColor+CIELAB.m in Sources */ = {isa = PBXBuildFile; fileRef = FABAADB21AA9F25500E17B95 /* UIColor+CIELAB.m */; };
		FABAADD61AA9F25500E17B95 /* UIViewController+Chameleon.m in Sources */ = {isa = PBXBuildFile; fileRef = FABAADB41AA9F25500E17B95 /* UIViewController+Chameleon.m */; };
		FABAADD71AA9F25500E17B95 /* NSDateFormatter+STTwitter.m in Sources */ = {isa = PBXBuildFile; fileRef = FABAADB61AA9F25500E17B95 /* NSDateFormatter+STTwitter.m */; };
		FABAADD81AA9F25500E17B95 /* NSError+STTwitter.m in Sources */ = {isa = PBXBuildFile; fileRef = FABAADB81AA9F25500E17B95 /* NSError+STTwitter.m */; };
		FABAADD91AA9F25500E17B95 /* NSString+STTwitter.m in Sources */ = {isa = PBXBuildFile; fileRef = FABAADBA1AA9F25500E17B95 /* NSString+STTwitter.m */; };
		FABAADDA1AA9F25500E17B95 /* STHTTPRequest+STTwitter.m in Sources */ = {isa = PBXBuildFile; fileRef = FABAADBC1AA9F25500E17B95 /* STHTTPRequest+STTwitter.m */; };
		FABAADDB1AA9F25500E17B95 /* STTwitterAPI.m in Sources */ = {isa = PBXBuildFile; fileRef = FABAADBF1AA9F25500E17B95 /* STTwitterAPI.m */; };
		FABAADDC1AA9F25500E17B95 /* STTwitterAppOnly.m in Sources */ = {isa = PBXBuildFile; fileRef = FABAADC11AA9F25500E17B95 /* STTwitterAppOnly.m */; };
		FABAADDD1AA9F25500E17B95 /* STTwitterHTML.m in Sources */ = {isa = PBXBuildFile; fileRef = FABAADC31AA9F25500E17B95 /* STTwitterHTML.m */; };
		FABAADDE1AA9F25500E17B95 /* STTwitterOAuth.m in Sources */ = {isa = PBXBuildFile; fileRef = FABAADC51AA9F25500E17B95 /* STTwitterOAuth.m */; };
		FABAADDF1AA9F25500E17B95 /* STTwitterOS.m in Sources */ = {isa = PBXBuildFile; fileRef = FABAADC71AA9F25500E17B95 /* STTwitterOS.m */; };
		FABAADE01AA9F25500E17B95 /* STTwitterOSRequest.m in Sources */ = {isa = PBXBuildFile; fileRef = FABAADC91AA9F25500E17B95 /* STTwitterOSRequest.m */; };
		FABAADE11AA9F25500E17B95 /* BAVPlistNode.m in Sources */ = {isa = PBXBuildFile; fileRef = FABAADCD1AA9F25500E17B95 /* BAVPlistNode.m */; };
		FABAADE21AA9F25500E17B95 /* JSONSyntaxHighlight.m in Sources */ = {isa = PBXBuildFile; fileRef = FABAADCF1AA9F25500E17B95 /* JSONSyntaxHighlight.m */; };
		FABAADE31AA9F25500E17B95 /* STHTTPRequest.m in Sources */ = {isa = PBXBuildFile; fileRef = FABAADD11AA9F25500E17B95 /* STHTTPRequest.m */; };
		FABAADE61AA9F2DD00E17B95 /* WebViewVC.m in Sources */ = {isa = PBXBuildFile; fileRef = FABAADE51AA9F2DD00E17B95 /* WebViewVC.m */; };
		FABAADE91AA9F2FE00E17B95 /* B1.png in Resources */ = {isa = PBXBuildFile; fileRef = FABAADE81AA9F2FE00E17B95 /* B1.png */; };
		FABAADEC1AA9F3A400E17B95 /* ViewController.m in Sources */ = {isa = PBXBuildFile; fileRef = FABAADEB1AA9F3A400E17B95 /* ViewController.m */; };
		FABAADEF1AA9F67900E17B95 /* TableViewController.m in Sources */ = {isa = PBXBuildFile; fileRef = FABAADEE1AA9F67900E17B95 /* TableViewController.m */; };
/* End PBXBuildFile section */

/* Begin PBXContainerItemProxy section */
		FABAAD8E1AA9F11000E17B95 /* PBXContainerItemProxy */ = {
			isa = PBXContainerItemProxy;
			containerPortal = FABAAD6C1AA9F11000E17B95 /* Project object */;
			proxyType = 1;
			remoteGlobalIDString = FABAAD731AA9F11000E17B95;
			remoteInfo = MyTwitterTest;
		};
/* End PBXContainerItemProxy section */

/* Begin PBXFileReference section */
		FABAAD741AA9F11000E17B95 /* MyTwitterTest.app */ = {isa = PBXFileReference; explicitFileType = wrapper.application; includeInIndex = 0; path = MyTwitterTest.app; sourceTree = BUILT_PRODUCTS_DIR; };
		FABAAD781AA9F11000E17B95 /* Info.plist */ = {isa = PBXFileReference; lastKnownFileType = text.plist.xml; path = Info.plist; sourceTree = "<group>"; };
		FABAAD791AA9F11000E17B95 /* main.m */ = {isa = PBXFileReference; lastKnownFileType = sourcecode.c.objc; path = main.m; sourceTree = "<group>"; };
		FABAAD7B1AA9F11000E17B95 /* AppDelegate.h */ = {isa = PBXFileReference; lastKnownFileType = sourcecode.c.h; path = AppDelegate.h; sourceTree = "<group>"; };
		FABAAD7C1AA9F11000E17B95 /* AppDelegate.m */ = {isa = PBXFileReference; lastKnownFileType = sourcecode.c.objc; path = AppDelegate.m; sourceTree = "<group>"; };
		FABAAD821AA9F11000E17B95 /* Base */ = {isa = PBXFileReference; lastKnownFileType = file.storyboard; name = Base; path = Base.lproj/Main.storyboard; sourceTree = "<group>"; };
		FABAAD841AA9F11000E17B95 /* Images.xcassets */ = {isa = PBXFileReference; lastKnownFileType = folder.assetcatalog; path = Images.xcassets; sourceTree = "<group>"; };
		FABAAD871AA9F11000E17B95 /* Base */ = {isa = PBXFileReference; lastKnownFileType = file.xib; name = Base; path = Base.lproj/LaunchScreen.xib; sourceTree = "<group>"; };
		FABAAD8D1AA9F11000E17B95 /* MyTwitterTestTests.xctest */ = {isa = PBXFileReference; explicitFileType = wrapper.cfbundle; includeInIndex = 0; path = MyTwitterTestTests.xctest; sourceTree = BUILT_PRODUCTS_DIR; };
		FABAAD921AA9F11000E17B95 /* Info.plist */ = {isa = PBXFileReference; lastKnownFileType = text.plist.xml; path = Info.plist; sourceTree = "<group>"; };
		FABAAD931AA9F11000E17B95 /* MyTwitterTestTests.m */ = {isa = PBXFileReference; lastKnownFileType = sourcecode.c.objc; path = MyTwitterTestTests.m; sourceTree = "<group>"; };
		FABAADA01AA9F22100E17B95 /* Twitter.framework */ = {isa = PBXFileReference; lastKnownFileType = wrapper.framework; name = Twitter.framework; path = System/Library/Frameworks/Twitter.framework; sourceTree = SDKROOT; };
		FABAADA21AA9F22900E17B95 /* Accounts.framework */ = {isa = PBXFileReference; lastKnownFileType = wrapper.framework; name = Accounts.framework; path = System/Library/Frameworks/Accounts.framework; sourceTree = SDKROOT; };
		FABAADA41AA9F22F00E17B95 /* Social.framework */ = {isa = PBXFileReference; lastKnownFileType = wrapper.framework; name = Social.framework; path = System/Library/Frameworks/Social.framework; sourceTree = SDKROOT; };
		FABAADA91AA9F25500E17B95 /* Chameleon.h */ = {isa = PBXFileReference; fileEncoding = 4; lastKnownFileType = sourcecode.c.h; path = Chameleon.h; sourceTree = "<group>"; };
		FABAADAA1AA9F25500E17B95 /* ChameleonMacros.h */ = {isa = PBXFileReference; fileEncoding = 4; lastKnownFileType = sourcecode.c.h; path = ChameleonMacros.h; sourceTree = "<group>"; };
		FABAADAB1AA9F25500E17B95 /* ChameleonStatusBar.h */ = {isa = PBXFileReference; fileEncoding = 4; lastKnownFileType = sourcecode.c.h; path = ChameleonStatusBar.h; sourceTree = "<group>"; };
		FABAADAC1AA9F25500E17B95 /* ChameleonStatusBar.m */ = {isa = PBXFileReference; fileEncoding = 4; lastKnownFileType = sourcecode.c.objc; path = ChameleonStatusBar.m; sourceTree = "<group>"; };
		FABAADAD1AA9F25500E17B95 /* NSArray+Chameleon.h */ = {isa = PBXFileReference; fileEncoding = 4; lastKnownFileType = sourcecode.c.h; path = "NSArray+Chameleon.h"; sourceTree = "<group>"; };
		FABAADAE1AA9F25500E17B95 /* NSArray+Chameleon.m */ = {isa = PBXFileReference; fileEncoding = 4; lastKnownFileType = sourcecode.c.objc; path = "NSArray+Chameleon.m"; sourceTree = "<group>"; };
		FABAADAF1AA9F25500E17B95 /* UIColor+Chameleon.h */ = {isa = PBXFileReference; fileEncoding = 4; lastKnownFileType = sourcecode.c.h; path = "UIColor+Chameleon.h"; sourceTree = "<group>"; };
		FABAADB01AA9F25500E17B95 /* UIColor+Chameleon.m */ = {isa = PBXFileReference; fileEncoding = 4; lastKnownFileType = sourcecode.c.objc; path = "UIColor+Chameleon.m"; sourceTree = "<group>"; };
		FABAADB11AA9F25500E17B95 /* UIColor+CIELAB.h */ = {isa = PBXFileReference; fileEncoding = 4; lastKnownFileType = sourcecode.c.h; path = "UIColor+CIELAB.h"; sourceTree = "<group>"; };
		FABAADB21AA9F25500E17B95 /* UIColor+CIELAB.m */ = {isa = PBXFileReference; fileEncoding = 4; lastKnownFileType = sourcecode.c.objc; path = "UIColor+CIELAB.m"; sourceTree = "<group>"; };
		FABAADB31AA9F25500E17B95 /* UIViewController+Chameleon.h */ = {isa = PBXFileReference; fileEncoding = 4; lastKnownFileType = sourcecode.c.h; path = "UIViewController+Chameleon.h"; sourceTree = "<group>"; };
		FABAADB41AA9F25500E17B95 /* UIViewController+Chameleon.m */ = {isa = PBXFileReference; fileEncoding = 4; lastKnownFileType = sourcecode.c.objc; path = "UIViewController+Chameleon.m"; sourceTree = "<group>"; };
		FABAADB51AA9F25500E17B95 /* NSDateFormatter+STTwitter.h */ = {isa = PBXFileReference; fileEncoding = 4; lastKnownFileType = sourcecode.c.h; path = "NSDateFormatter+STTwitter.h"; sourceTree = "<group>"; };
		FABAADB61AA9F25500E17B95 /* NSDateFormatter+STTwitter.m */ = {isa = PBXFileReference; fileEncoding = 4; lastKnownFileType = sourcecode.c.objc; path = "NSDateFormatter+STTwitter.m"; sourceTree = "<group>"; };
		FABAADB71AA9F25500E17B95 /* NSError+STTwitter.h */ = {isa = PBXFileReference; fileEncoding = 4; lastKnownFileType = sourcecode.c.h; path = "NSError+STTwitter.h"; sourceTree = "<group>"; };
		FABAADB81AA9F25500E17B95 /* NSError+STTwitter.m */ = {isa = PBXFileReference; fileEncoding = 4; lastKnownFileType = sourcecode.c.objc; path = "NSError+STTwitter.m"; sourceTree = "<group>"; };
		FABAADB91AA9F25500E17B95 /* NSString+STTwitter.h */ = {isa = PBXFileReference; fileEncoding = 4; lastKnownFileType = sourcecode.c.h; path = "NSString+STTwitter.h"; sourceTree = "<group>"; };
		FABAADBA1AA9F25500E17B95 /* NSString+STTwitter.m */ = {isa = PBXFileReference; fileEncoding = 4; lastKnownFileType = sourcecode.c.objc; path = "NSString+STTwitter.m"; sourceTree = "<group>"; };
		FABAADBB1AA9F25500E17B95 /* STHTTPRequest+STTwitter.h */ = {isa = PBXFileReference; fileEncoding = 4; lastKnownFileType = sourcecode.c.h; path = "STHTTPRequest+STTwitter.h"; sourceTree = "<group>"; };
		FABAADBC1AA9F25500E17B95 /* STHTTPRequest+STTwitter.m */ = {isa = PBXFileReference; fileEncoding = 4; lastKnownFileType = sourcecode.c.objc; path = "STHTTPRequest+STTwitter.m"; sourceTree = "<group>"; };
		FABAADBD1AA9F25500E17B95 /* STTwitter.h */ = {isa = PBXFileReference; fileEncoding = 4; lastKnownFileType = sourcecode.c.h; path = STTwitter.h; sourceTree = "<group>"; };
		FABAADBE1AA9F25500E17B95 /* STTwitterAPI.h */ = {isa = PBXFileReference; fileEncoding = 4; lastKnownFileType = sourcecode.c.h; path = STTwitterAPI.h; sourceTree = "<group>"; };
		FABAADBF1AA9F25500E17B95 /* STTwitterAPI.m */ = {isa = PBXFileReference; fileEncoding = 4; lastKnownFileType = sourcecode.c.objc; path = STTwitterAPI.m; sourceTree = "<group>"; };
		FABAADC01AA9F25500E17B95 /* STTwitterAppOnly.h */ = {isa = PBXFileReference; fileEncoding = 4; lastKnownFileType = sourcecode.c.h; path = STTwitterAppOnly.h; sourceTree = "<group>"; };
		FABAADC11AA9F25500E17B95 /* STTwitterAppOnly.m */ = {isa = PBXFileReference; fileEncoding = 4; lastKnownFileType = sourcecode.c.objc; path = STTwitterAppOnly.m; sourceTree = "<group>"; };
		FABAADC21AA9F25500E17B95 /* STTwitterHTML.h */ = {isa = PBXFileReference; fileEncoding = 4; lastKnownFileType = sourcecode.c.h; path = STTwitterHTML.h; sourceTree = "<group>"; };
		FABAADC31AA9F25500E17B95 /* STTwitterHTML.m */ = {isa = PBXFileReference; fileEncoding = 4; lastKnownFileType = sourcecode.c.objc; path = STTwitterHTML.m; sourceTree = "<group>"; };
		FABAADC41AA9F25500E17B95 /* STTwitterOAuth.h */ = {isa = PBXFileReference; fileEncoding = 4; lastKnownFileType = sourcecode.c.h; path = STTwitterOAuth.h; sourceTree = "<group>"; };
		FABAADC51AA9F25500E17B95 /* STTwitterOAuth.m */ = {isa = PBXFileReference; fileEncoding = 4; lastKnownFileType = sourcecode.c.objc; path = STTwitterOAuth.m; sourceTree = "<group>"; };
		FABAADC61AA9F25500E17B95 /* STTwitterOS.h */ = {isa = PBXFileReference; fileEncoding = 4; lastKnownFileType = sourcecode.c.h; path = STTwitterOS.h; sourceTree = "<group>"; };
		FABAADC71AA9F25500E17B95 /* STTwitterOS.m */ = {isa = PBXFileReference; fileEncoding = 4; lastKnownFileType = sourcecode.c.objc; path = STTwitterOS.m; sourceTree = "<group>"; };
		FABAADC81AA9F25500E17B95 /* STTwitterOSRequest.h */ = {isa = PBXFileReference; fileEncoding = 4; lastKnownFileType = sourcecode.c.h; path = STTwitterOSRequest.h; sourceTree = "<group>"; };
		FABAADC91AA9F25500E17B95 /* STTwitterOSRequest.m */ = {isa = PBXFileReference; fileEncoding = 4; lastKnownFileType = sourcecode.c.objc; path = STTwitterOSRequest.m; sourceTree = "<group>"; };
		FABAADCA1AA9F25500E17B95 /* STTwitterProtocol.h */ = {isa = PBXFileReference; fileEncoding = 4; lastKnownFileType = sourcecode.c.h; path = STTwitterProtocol.h; sourceTree = "<group>"; };
		FABAADCC1AA9F25500E17B95 /* BAVPlistNode.h */ = {isa = PBXFileReference; fileEncoding = 4; lastKnownFileType = sourcecode.c.h; path = BAVPlistNode.h; sourceTree = "<group>"; };
		FABAADCD1AA9F25500E17B95 /* BAVPlistNode.m */ = {isa = PBXFileReference; fileEncoding = 4; lastKnownFileType = sourcecode.c.objc; path = BAVPlistNode.m; sourceTree = "<group>"; };
		FABAADCE1AA9F25500E17B95 /* JSONSyntaxHighlight.h */ = {isa = PBXFileReference; fileEncoding = 4; lastKnownFileType = sourcecode.c.h; path = JSONSyntaxHighlight.h; sourceTree = "<group>"; };
		FABAADCF1AA9F25500E17B95 /* JSONSyntaxHighlight.m */ = {isa = PBXFileReference; fileEncoding = 4; lastKnownFileType = sourcecode.c.objc; path = JSONSyntaxHighlight.m; sourceTree = "<group>"; };
		FABAADD01AA9F25500E17B95 /* STHTTPRequest.h */ = {isa = PBXFileReference; fileEncoding = 4; lastKnownFileType = sourcecode.c.h; path = STHTTPRequest.h; sourceTree = "<group>"; };
		FABAADD11AA9F25500E17B95 /* STHTTPRequest.m */ = {isa = PBXFileReference; fileEncoding = 4; lastKnownFileType = sourcecode.c.objc; path = STHTTPRequest.m; sourceTree = "<group>"; };
		FABAADE41AA9F2DD00E17B95 /* WebViewVC.h */ = {isa = PBXFileReference; fileEncoding = 4; lastKnownFileType = sourcecode.c.h; path = WebViewVC.h; sourceTree = "<group>"; };
		FABAADE51AA9F2DD00E17B95 /* WebViewVC.m */ = {isa = PBXFileReference; fileEncoding = 4; lastKnownFileType = sourcecode.c.objc; path = WebViewVC.m; sourceTree = "<group>"; };
		FABAADE81AA9F2FE00E17B95 /* B1.png */ = {isa = PBXFileReference; lastKnownFileType = image.png; path = B1.png; sourceTree = "<group>"; };
		FABAADEA1AA9F3A400E17B95 /* ViewController.h */ = {isa = PBXFileReference; fileEncoding = 4; lastKnownFileType = sourcecode.c.h; path = ViewController.h; sourceTree = "<group>"; };
		FABAADEB1AA9F3A400E17B95 /* ViewController.m */ = {isa = PBXFileReference; fileEncoding = 4; lastKnownFileType = sourcecode.c.objc; path = ViewController.m; sourceTree = "<group>"; };
		FABAADED1AA9F67900E17B95 /* TableViewController.h */ = {isa = PBXFileReference; fileEncoding = 4; lastKnownFileType = sourcecode.c.h; path = TableViewController.h; sourceTree = "<group>"; };
		FABAADEE1AA9F67900E17B95 /* TableViewController.m */ = {isa = PBXFileReference; fileEncoding = 4; lastKnownFileType = sourcecode.c.objc; path = TableViewController.m; sourceTree = "<group>"; };
/* End PBXFileReference section */

/* Begin PBXFrameworksBuildPhase section */
		FABAAD711AA9F11000E17B95 /* Frameworks */ = {
			isa = PBXFrameworksBuildPhase;
			buildActionMask = 2147483647;
			files = (
				FABAADA51AA9F22F00E17B95 /* Social.framework in Frameworks */,
				FABAADA31AA9F22900E17B95 /* Accounts.framework in Frameworks */,
				FABAADA11AA9F22100E17B95 /* Twitter.framework in Frameworks */,
			);
			runOnlyForDeploymentPostprocessing = 0;
		};
		FABAAD8A1AA9F11000E17B95 /* Frameworks */ = {
			isa = PBXFrameworksBuildPhase;
			buildActionMask = 2147483647;
			files = (
			);
			runOnlyForDeploymentPostprocessing = 0;
		};
/* End PBXFrameworksBuildPhase section */

/* Begin PBXGroup section */
		FABAAD6B1AA9F11000E17B95 = {
			isa = PBXGroup;
			children = (
				FABAADE71AA9F2EE00E17B95 /* Images */,
				FABAADA61AA9F23E00E17B95 /* Framework */,
				FABAAD761AA9F11000E17B95 /* MyTwitterTest */,
				FABAAD901AA9F11000E17B95 /* MyTwitterTestTests */,
				FABAAD751AA9F11000E17B95 /* Products */,
				FABAADA71AA9F25500E17B95 /* STTwitter */,
			);
			sourceTree = "<group>";
		};
		FABAAD751AA9F11000E17B95 /* Products */ = {
			isa = PBXGroup;
			children = (
				FABAAD741AA9F11000E17B95 /* MyTwitterTest.app */,
				FABAAD8D1AA9F11000E17B95 /* MyTwitterTestTests.xctest */,
			);
			name = Products;
			sourceTree = "<group>";
		};
		FABAAD761AA9F11000E17B95 /* MyTwitterTest */ = {
			isa = PBXGroup;
			children = (
				FABAAD9E1AA9F1AD00E17B95 /* View */,
				FABAAD9D1AA9F19600E17B95 /* Controller */,
				FABAAD771AA9F11000E17B95 /* Supporting Files */,
			);
			path = MyTwitterTest;
			sourceTree = "<group>";
		};
		FABAAD771AA9F11000E17B95 /* Supporting Files */ = {
			isa = PBXGroup;
			children = (
				FABAAD841AA9F11000E17B95 /* Images.xcassets */,
				FABAAD861AA9F11000E17B95 /* LaunchScreen.xib */,
				FABAAD7B1AA9F11000E17B95 /* AppDelegate.h */,
				FABAAD7C1AA9F11000E17B95 /* AppDelegate.m */,
				FABAAD781AA9F11000E17B95 /* Info.plist */,
				FABAAD791AA9F11000E17B95 /* main.m */,
			);
			name = "Supporting Files";
			sourceTree = "<group>";
		};
		FABAAD901AA9F11000E17B95 /* MyTwitterTestTests */ = {
			isa = PBXGroup;
			children = (
				FABAAD931AA9F11000E17B95 /* MyTwitterTestTests.m */,
				FABAAD911AA9F11000E17B95 /* Supporting Files */,
			);
			path = MyTwitterTestTests;
			sourceTree = "<group>";
		};
		FABAAD911AA9F11000E17B95 /* Supporting Files */ = {
			isa = PBXGroup;
			children = (
				FABAAD921AA9F11000E17B95 /* Info.plist */,
			);
			name = "Supporting Files";
			sourceTree = "<group>";
		};
		FABAAD9D1AA9F19600E17B95 /* Controller */ = {
			isa = PBXGroup;
			children = (
				FABAADEA1AA9F3A400E17B95 /* ViewController.h */,
				FABAADEB1AA9F3A400E17B95 /* ViewController.m */,
				FABAADED1AA9F67900E17B95 /* TableViewController.h */,
				FABAADEE1AA9F67900E17B95 /* TableViewController.m */,
				FABAADE41AA9F2DD00E17B95 /* WebViewVC.h */,
				FABAADE51AA9F2DD00E17B95 /* WebViewVC.m */,
			);
			name = Controller;
			sourceTree = "<group>";
		};
		FABAAD9E1AA9F1AD00E17B95 /* View */ = {
			isa = PBXGroup;
			children = (
				FABAAD811AA9F11000E17B95 /* Main.storyboard */,
			);
			name = View;
			sourceTree = "<group>";
		};
		FABAADA61AA9F23E00E17B95 /* Framework */ = {
			isa = PBXGroup;
			children = (
				FABAADA41AA9F22F00E17B95 /* Social.framework */,
				FABAADA21AA9F22900E17B95 /* Accounts.framework */,
				FABAADA01AA9F22100E17B95 /* Twitter.framework */,
			);
			name = Framework;
			sourceTree = "<group>";
		};
		FABAADA71AA9F25500E17B95 /* STTwitter */ = {
			isa = PBXGroup;
			children = (
				FABAADA81AA9F25500E17B95 /* Chameleon */,
				FABAADB51AA9F25500E17B95 /* NSDateFormatter+STTwitter.h */,
				FABAADB61AA9F25500E17B95 /* NSDateFormatter+STTwitter.m */,
				FABAADB71AA9F25500E17B95 /* NSError+STTwitter.h */,
				FABAADB81AA9F25500E17B95 /* NSError+STTwitter.m */,
				FABAADB91AA9F25500E17B95 /* NSString+STTwitter.h */,
				FABAADBA1AA9F25500E17B95 /* NSString+STTwitter.m */,
				FABAADBB1AA9F25500E17B95 /* STHTTPRequest+STTwitter.h */,
				FABAADBC1AA9F25500E17B95 /* STHTTPRequest+STTwitter.m */,
				FABAADBD1AA9F25500E17B95 /* STTwitter.h */,
				FABAADBE1AA9F25500E17B95 /* STTwitterAPI.h */,
				FABAADBF1AA9F25500E17B95 /* STTwitterAPI.m */,
				FABAADC01AA9F25500E17B95 /* STTwitterAppOnly.h */,
				FABAADC11AA9F25500E17B95 /* STTwitterAppOnly.m */,
				FABAADC21AA9F25500E17B95 /* STTwitterHTML.h */,
				FABAADC31AA9F25500E17B95 /* STTwitterHTML.m */,
				FABAADC41AA9F25500E17B95 /* STTwitterOAuth.h */,
				FABAADC51AA9F25500E17B95 /* STTwitterOAuth.m */,
				FABAADC61AA9F25500E17B95 /* STTwitterOS.h */,
				FABAADC71AA9F25500E17B95 /* STTwitterOS.m */,
				FABAADC81AA9F25500E17B95 /* STTwitterOSRequest.h */,
				FABAADC91AA9F25500E17B95 /* STTwitterOSRequest.m */,
				FABAADCA1AA9F25500E17B95 /* STTwitterProtocol.h */,
				FABAADCB1AA9F25500E17B95 /* Vendor */,
			);
			path = STTwitter;
			sourceTree = "<group>";
		};
		FABAADA81AA9F25500E17B95 /* Chameleon */ = {
			isa = PBXGroup;
			children = (
				FABAADA91AA9F25500E17B95 /* Chameleon.h */,
				FABAADAA1AA9F25500E17B95 /* ChameleonMacros.h */,
				FABAADAB1AA9F25500E17B95 /* ChameleonStatusBar.h */,
				FABAADAC1AA9F25500E17B95 /* ChameleonStatusBar.m */,
				FABAADAD1AA9F25500E17B95 /* NSArray+Chameleon.h */,
				FABAADAE1AA9F25500E17B95 /* NSArray+Chameleon.m */,
				FABAADAF1AA9F25500E17B95 /* UIColor+Chameleon.h */,
				FABAADB01AA9F25500E17B95 /* UIColor+Chameleon.m */,
				FABAADB11AA9F25500E17B95 /* UIColor+CIELAB.h */,
				FABAADB21AA9F25500E17B95 /* UIColor+CIELAB.m */,
				FABAADB31AA9F25500E17B95 /* UIViewController+Chameleon.h */,
				FABAADB41AA9F25500E17B95 /* UIViewController+Chameleon.m */,
			);
			path = Chameleon;
			sourceTree = "<group>";
		};
		FABAADCB1AA9F25500E17B95 /* Vendor */ = {
			isa = PBXGroup;
			children = (
				FABAADCC1AA9F25500E17B95 /* BAVPlistNode.h */,
				FABAADCD1AA9F25500E17B95 /* BAVPlistNode.m */,
				FABAADCE1AA9F25500E17B95 /* JSONSyntaxHighlight.h */,
				FABAADCF1AA9F25500E17B95 /* JSONSyntaxHighlight.m */,
				FABAADD01AA9F25500E17B95 /* STHTTPRequest.h */,
				FABAADD11AA9F25500E17B95 /* STHTTPRequest.m */,
			);
			path = Vendor;
			sourceTree = "<group>";
		};
		FABAADE71AA9F2EE00E17B95 /* Images */ = {
			isa = PBXGroup;
			children = (
				FABAADE81AA9F2FE00E17B95 /* B1.png */,
			);
			name = Images;
			sourceTree = "<group>";
		};
/* End PBXGroup section */

/* Begin PBXNativeTarget section */
		FABAAD731AA9F11000E17B95 /* MyTwitterTest */ = {
			isa = PBXNativeTarget;
			buildConfigurationList = FABAAD971AA9F11000E17B95 /* Build configuration list for PBXNativeTarget "MyTwitterTest" */;
			buildPhases = (
				FABAAD701AA9F11000E17B95 /* Sources */,
				FABAAD711AA9F11000E17B95 /* Frameworks */,
				FABAAD721AA9F11000E17B95 /* Resources */,
			);
			buildRules = (
			);
			dependencies = (
			);
			name = MyTwitterTest;
			productName = MyTwitterTest;
			productReference = FABAAD741AA9F11000E17B95 /* MyTwitterTest.app */;
			productType = "com.apple.product-type.application";
		};
		FABAAD8C1AA9F11000E17B95 /* MyTwitterTestTests */ = {
			isa = PBXNativeTarget;
			buildConfigurationList = FABAAD9A1AA9F11000E17B95 /* Build configuration list for PBXNativeTarget "MyTwitterTestTests" */;
			buildPhases = (
				FABAAD891AA9F11000E17B95 /* Sources */,
				FABAAD8A1AA9F11000E17B95 /* Frameworks */,
				FABAAD8B1AA9F11000E17B95 /* Resources */,
			);
			buildRules = (
			);
			dependencies = (
				FABAAD8F1AA9F11000E17B95 /* PBXTargetDependency */,
			);
			name = MyTwitterTestTests;
			productName = MyTwitterTestTests;
			productReference = FABAAD8D1AA9F11000E17B95 /* MyTwitterTestTests.xctest */;
			productType = "com.apple.product-type.bundle.unit-test";
		};
/* End PBXNativeTarget section */

/* Begin PBXProject section */
		FABAAD6C1AA9F11000E17B95 /* Project object */ = {
			isa = PBXProject;
			attributes = {
				LastUpgradeCheck = 0610;
				ORGANIZATIONNAME = Oleksii;
				TargetAttributes = {
					FABAAD731AA9F11000E17B95 = {
						CreatedOnToolsVersion = 6.1.1;
					};
					FABAAD8C1AA9F11000E17B95 = {
						CreatedOnToolsVersion = 6.1.1;
						TestTargetID = FABAAD731AA9F11000E17B95;
					};
				};
			};
			buildConfigurationList = FABAAD6F1AA9F11000E17B95 /* Build configuration list for PBXProject "MyTwitterTest" */;
			compatibilityVersion = "Xcode 3.2";
			developmentRegion = English;
			hasScannedForEncodings = 0;
			knownRegions = (
				en,
				Base,
			);
			mainGroup = FABAAD6B1AA9F11000E17B95;
			productRefGroup = FABAAD751AA9F11000E17B95 /* Products */;
			projectDirPath = "";
			projectRoot = "";
			targets = (
				FABAAD731AA9F11000E17B95 /* MyTwitterTest */,
				FABAAD8C1AA9F11000E17B95 /* MyTwitterTestTests */,
			);
		};
/* End PBXProject section */

/* Begin PBXResourcesBuildPhase section */
		FABAAD721AA9F11000E17B95 /* Resources */ = {
			isa = PBXResourcesBuildPhase;
			buildActionMask = 2147483647;
			files = (
				FABAADE91AA9F2FE00E17B95 /* B1.png in Resources */,
				FABAAD831AA9F11000E17B95 /* Main.storyboard in Resources */,
				FABAAD881AA9F11000E17B95 /* LaunchScreen.xib in Resources */,
				FABAAD851AA9F11000E17B95 /* Images.xcassets in Resources */,
			);
			runOnlyForDeploymentPostprocessing = 0;
		};
		FABAAD8B1AA9F11000E17B95 /* Resources */ = {
			isa = PBXResourcesBuildPhase;
			buildActionMask = 2147483647;
			files = (
			);
			runOnlyForDeploymentPostprocessing = 0;
		};
/* End PBXResourcesBuildPhase section */

/* Begin PBXSourcesBuildPhase section */
		FABAAD701AA9F11000E17B95 /* Sources */ = {
			isa = PBXSourcesBuildPhase;
			buildActionMask = 2147483647;
			files = (
				FABAADEF1AA9F67900E17B95 /* TableViewController.m in Sources */,
				FABAADDB1AA9F25500E17B95 /* STTwitterAPI.m in Sources */,
				FABAADE21AA9F25500E17B95 /* JSONSyntaxHighlight.m in Sources */,
				FABAADD81AA9F25500E17B95 /* NSError+STTwitter.m in Sources */,
				FABAADD41AA9F25500E17B95 /* UIColor+Chameleon.m in Sources */,
				FABAADE61AA9F2DD00E17B95 /* WebViewVC.m in Sources */,
				FABAADD51AA9F25500E17B95 /* UIColor+CIELAB.m in Sources */,
				FABAADDC1AA9F25500E17B95 /* STTwitterAppOnly.m in Sources */,
				FABAADD71AA9F25500E17B95 /* NSDateFormatter+STTwitter.m in Sources */,
				FABAADDE1AA9F25500E17B95 /* STTwitterOAuth.m in Sources */,
				FABAADD21AA9F25500E17B95 /* ChameleonStatusBar.m in Sources */,
				FABAADE31AA9F25500E17B95 /* STHTTPRequest.m in Sources */,
				FABAADDA1AA9F25500E17B95 /* STHTTPRequest+STTwitter.m in Sources */,
				FABAADD61AA9F25500E17B95 /* UIViewController+Chameleon.m in Sources */,
				FABAAD7D1AA9F11000E17B95 /* AppDelegate.m in Sources */,
				FABAAD7A1AA9F11000E17B95 /* main.m in Sources */,
				FABAADE11AA9F25500E17B95 /* BAVPlistNode.m in Sources */,
				FABAADEC1AA9F3A400E17B95 /* ViewController.m in Sources */,
				FABAADDD1AA9F25500E17B95 /* STTwitterHTML.m in Sources */,
				FABAADD31AA9F25500E17B95 /* NSArray+Chameleon.m in Sources */,
				FABAADDF1AA9F25500E17B95 /* STTwitterOS.m in Sources */,
				FABAADE01AA9F25500E17B95 /* STTwitterOSRequest.m in Sources */,
				FABAADD91AA9F25500E17B95 /* NSString+STTwitter.m in Sources */,
			);
			runOnlyForDeploymentPostprocessing = 0;
		};
		FABAAD891AA9F11000E17B95 /* Sources */ = {
			isa = PBXSourcesBuildPhase;
			buildActionMask = 2147483647;
			files = (
				FABAAD941AA9F11000E17B95 /* MyTwitterTestTests.m in Sources */,
			);
			runOnlyForDeploymentPostprocessing = 0;
		};
/* End PBXSourcesBuildPhase section */

/* Begin PBXTargetDependency section */
		FABAAD8F1AA9F11000E17B95 /* PBXTargetDependency */ = {
			isa = PBXTargetDependency;
			target = FABAAD731AA9F11000E17B95 /* MyTwitterTest */;
			targetProxy = FABAAD8E1AA9F11000E17B95 /* PBXContainerItemProxy */;
		};
/* End PBXTargetDependency section */

/* Begin PBXVariantGroup section */
		FABAAD811AA9F11000E17B95 /* Main.storyboard */ = {
			isa = PBXVariantGroup;
			children = (
				FABAAD821AA9F11000E17B95 /* Base */,
			);
			name = Main.storyboard;
			sourceTree = "<group>";
		};
		FABAAD861AA9F11000E17B95 /* LaunchScreen.xib */ = {
			isa = PBXVariantGroup;
			children = (
				FABAAD871AA9F11000E17B95 /* Base */,
			);
			name = LaunchScreen.xib;
			sourceTree = "<group>";
		};
/* End PBXVariantGroup section */

/* Begin XCBuildConfiguration section */
		FABAAD951AA9F11000E17B95 /* Debug */ = {
			isa = XCBuildConfiguration;
			buildSettings = {
				ALWAYS_SEARCH_USER_PATHS = NO;
				CLANG_CXX_LANGUAGE_STANDARD = "gnu++0x";
				CLANG_CXX_LIBRARY = "libc++";
				CLANG_ENABLE_MODULES = YES;
				CLANG_ENABLE_OBJC_ARC = YES;
				CLANG_WARN_BOOL_CONVERSION = YES;
				CLANG_WARN_CONSTANT_CONVERSION = YES;
				CLANG_WARN_DIRECT_OBJC_ISA_USAGE = YES_ERROR;
				CLANG_WARN_EMPTY_BODY = YES;
				CLANG_WARN_ENUM_CONVERSION = YES;
				CLANG_WARN_INT_CONVERSION = YES;
				CLANG_WARN_OBJC_ROOT_CLASS = YES_ERROR;
				CLANG_WARN_UNREACHABLE_CODE = YES;
				CLANG_WARN__DUPLICATE_METHOD_MATCH = YES;
				"CODE_SIGN_IDENTITY[sdk=iphoneos*]" = "iPhone Developer";
				COPY_PHASE_STRIP = NO;
				ENABLE_STRICT_OBJC_MSGSEND = YES;
				GCC_C_LANGUAGE_STANDARD = gnu99;
				GCC_DYNAMIC_NO_PIC = NO;
				GCC_OPTIMIZATION_LEVEL = 0;
				GCC_PREPROCESSOR_DEFINITIONS = (
					"DEBUG=1",
					"$(inherited)",
				);
				GCC_SYMBOLS_PRIVATE_EXTERN = NO;
				GCC_WARN_64_TO_32_BIT_CONVERSION = YES;
				GCC_WARN_ABOUT_RETURN_TYPE = YES_ERROR;
				GCC_WARN_UNDECLARED_SELECTOR = YES;
				GCC_WARN_UNINITIALIZED_AUTOS = YES_AGGRESSIVE;
				GCC_WARN_UNUSED_FUNCTION = YES;
				GCC_WARN_UNUSED_VARIABLE = YES;
				IPHONEOS_DEPLOYMENT_TARGET = 8.1;
				MTL_ENABLE_DEBUG_INFO = YES;
				ONLY_ACTIVE_ARCH = YES;
				SDKROOT = iphoneos;
			};
			name = Debug;
		};
		FABAAD961AA9F11000E17B95 /* Release */ = {
			isa = XCBuildConfiguration;
			buildSettings = {
				ALWAYS_SEARCH_USER_PATHS = NO;
				CLANG_CXX_LANGUAGE_STANDARD = "gnu++0x";
				CLANG_CXX_LIBRARY = "libc++";
				CLANG_ENABLE_MODULES = YES;
				CLANG_ENABLE_OBJC_ARC = YES;
				CLANG_WARN_BOOL_CONVERSION = YES;
				CLANG_WARN_CONSTANT_CONVERSION = YES;
				CLANG_WARN_DIRECT_OBJC_ISA_USAGE = YES_ERROR;
				CLANG_WARN_EMPTY_BODY = YES;
				CLANG_WARN_ENUM_CONVERSION = YES;
				CLANG_WARN_INT_CONVERSION = YES;
				CLANG_WARN_OBJC_ROOT_CLASS = YES_ERROR;
				CLANG_WARN_UNREACHABLE_CODE = YES;
				CLANG_WARN__DUPLICATE_METHOD_MATCH = YES;
				"CODE_SIGN_IDENTITY[sdk=iphoneos*]" = "iPhone Developer";
				COPY_PHASE_STRIP = YES;
				ENABLE_NS_ASSERTIONS = NO;
				ENABLE_STRICT_OBJC_MSGSEND = YES;
				GCC_C_LANGUAGE_STANDARD = gnu99;
				GCC_WARN_64_TO_32_BIT_CONVERSION = YES;
				GCC_WARN_ABOUT_RETURN_TYPE = YES_ERROR;
				GCC_WARN_UNDECLARED_SELECTOR = YES;
				GCC_WARN_UNINITIALIZED_AUTOS = YES_AGGRESSIVE;
				GCC_WARN_UNUSED_FUNCTION = YES;
				GCC_WARN_UNUSED_VARIABLE = YES;
				IPHONEOS_DEPLOYMENT_TARGET = 8.1;
				MTL_ENABLE_DEBUG_INFO = NO;
				SDKROOT = iphoneos;
				VALIDATE_PRODUCT = YES;
			};
			name = Release;
		};
		FABAAD981AA9F11000E17B95 /* Debug */ = {
			isa = XCBuildConfiguration;
			buildSettings = {
				ASSETCATALOG_COMPILER_APPICON_NAME = AppIcon;
				INFOPLIST_FILE = MyTwitterTest/Info.plist;
				LD_RUNPATH_SEARCH_PATHS = "$(inherited) @executable_path/Frameworks";
				PRODUCT_NAME = "$(TARGET_NAME)";
			};
			name = Debug;
		};
		FABAAD991AA9F11000E17B95 /* Release */ = {
			isa = XCBuildConfiguration;
			buildSettings = {
				ASSETCATALOG_COMPILER_APPICON_NAME = AppIcon;
				INFOPLIST_FILE = MyTwitterTest/Info.plist;
				LD_RUNPATH_SEARCH_PATHS = "$(inherited) @executable_path/Frameworks";
				PRODUCT_NAME = "$(TARGET_NAME)";
			};
			name = Release;
		};
		FABAAD9B1AA9F11000E17B95 /* Debug */ = {
			isa = XCBuildConfiguration;
			buildSettings = {
				BUNDLE_LOADER = "$(TEST_HOST)";
				FRAMEWORK_SEARCH_PATHS = (
					"$(SDKROOT)/Developer/Library/Frameworks",
					"$(inherited)",
				);
				GCC_PREPROCESSOR_DEFINITIONS = (
					"DEBUG=1",
					"$(inherited)",
				);
				INFOPLIST_FILE = MyTwitterTestTests/Info.plist;
				LD_RUNPATH_SEARCH_PATHS = "$(inherited) @executable_path/Frameworks @loader_path/Frameworks";
				PRODUCT_NAME = "$(TARGET_NAME)";
				TEST_HOST = "$(BUILT_PRODUCTS_DIR)/MyTwitterTest.app/MyTwitterTest";
			};
			name = Debug;
		};
		FABAAD9C1AA9F11000E17B95 /* Release */ = {
			isa = XCBuildConfiguration;
			buildSettings = {
				BUNDLE_LOADER = "$(TEST_HOST)";
				FRAMEWORK_SEARCH_PATHS = (
					"$(SDKROOT)/Developer/Library/Frameworks",
					"$(inherited)",
				);
				INFOPLIST_FILE = MyTwitterTestTests/Info.plist;
				LD_RUNPATH_SEARCH_PATHS = "$(inherited) @executable_path/Frameworks @loader_path/Frameworks";
				PRODUCT_NAME = "$(TARGET_NAME)";
				TEST_HOST = "$(BUILT_PRODUCTS_DIR)/MyTwitterTest.app/MyTwitterTest";
			};
			name = Release;
		};
/* End XCBuildConfiguration section */

/* Begin XCConfigurationList section */
		FABAAD6F1AA9F11000E17B95 /* Build configuration list for PBXProject "MyTwitterTest" */ = {
			isa = XCConfigurationList;
			buildConfigurations = (
				FABAAD951AA9F11000E17B95 /* Debug */,
				FABAAD961AA9F11000E17B95 /* Release */,
			);
			defaultConfigurationIsVisible = 0;
			defaultConfigurationName = Release;
		};
		FABAAD971AA9F11000E17B95 /* Build configuration list for PBXNativeTarget "MyTwitterTest" */ = {
			isa = XCConfigurationList;
			buildConfigurations = (
				FABAAD981AA9F11000E17B95 /* Debug */,
				FABAAD991AA9F11000E17B95 /* Release */,
			);
			defaultConfigurationIsVisible = 0;
		};
		FABAAD9A1AA9F11000E17B95 /* Build configuration list for PBXNativeTarget "MyTwitterTestTests" */ = {
			isa = XCConfigurationList;
			buildConfigurations = (
				FABAAD9B1AA9F11000E17B95 /* Debug */,
				FABAAD9C1AA9F11000E17B95 /* Release */,
			);
			defaultConfigurationIsVisible = 0;
		};
/* End XCConfigurationList section */
	};
	rootObject = FABAAD6C1AA9F11000E17B95 /* Project object */;
}
